// !$*UTF8*$!
{
	archiveVersion = 1;
	classes = {
	};
	objectVersion = 56;
	objects = {

/* Begin PBXBuildFile section */
		7C6CE4EE29C9314A00CF37E9 /* FilterView.swift in Sources */ = {isa = PBXBuildFile; fileRef = 7C6CE4ED29C9314A00CF37E9 /* FilterView.swift */; };
		7CD56E6329C6A3B60037EF96 /* URLSession+Retrieval.swift in Sources */ = {isa = PBXBuildFile; fileRef = 7CD56E6229C6A3B60037EF96 /* URLSession+Retrieval.swift */; };
		7CFD2D4529B4D66300394C7E /* SimpleAnalyticsClientApp.swift in Sources */ = {isa = PBXBuildFile; fileRef = 7CFD2D4429B4D66300394C7E /* SimpleAnalyticsClientApp.swift */; };
		7CFD2D4729B4D66300394C7E /* ContentView.swift in Sources */ = {isa = PBXBuildFile; fileRef = 7CFD2D4629B4D66300394C7E /* ContentView.swift */; };
		7CFD2D4929B4D66400394C7E /* Assets.xcassets in Resources */ = {isa = PBXBuildFile; fileRef = 7CFD2D4829B4D66400394C7E /* Assets.xcassets */; };
		7CFD2D4C29B4D66400394C7E /* Preview Assets.xcassets in Resources */ = {isa = PBXBuildFile; fileRef = 7CFD2D4B29B4D66400394C7E /* Preview Assets.xcassets */; };
		7CFD2D5429B4D67F00394C7E /* PostView.swift in Sources */ = {isa = PBXBuildFile; fileRef = 7CFD2D5329B4D67F00394C7E /* PostView.swift */; };
		7CFD2D5629B4D68500394C7E /* EventListView.swift in Sources */ = {isa = PBXBuildFile; fileRef = 7CFD2D5529B4D68500394C7E /* EventListView.swift */; };
		7CFD2D5829B4E31A00394C7E /* URLComponents+Constants.swift in Sources */ = {isa = PBXBuildFile; fileRef = 7CFD2D5729B4E31A00394C7E /* URLComponents+Constants.swift */; };
		7CFD2D5A29B4E4BE00394C7E /* URLRequest+Convenience.swift in Sources */ = {isa = PBXBuildFile; fileRef = 7CFD2D5929B4E4BE00394C7E /* URLRequest+Convenience.swift */; };
		7CFD2D5C29B4E4C200394C7E /* URLComponents+Convenience.swift in Sources */ = {isa = PBXBuildFile; fileRef = 7CFD2D5B29B4E4C200394C7E /* URLComponents+Convenience.swift */; };
		7CFD2D5F29B4ED2D00394C7E /* SimpleAnalyticsTypes in Frameworks */ = {isa = PBXBuildFile; productRef = 7CFD2D5E29B4ED2D00394C7E /* SimpleAnalyticsTypes */; };
/* End PBXBuildFile section */

/* Begin PBXFileReference section */
		7C6CE4ED29C9314A00CF37E9 /* FilterView.swift */ = {isa = PBXFileReference; lastKnownFileType = sourcecode.swift; path = FilterView.swift; sourceTree = "<group>"; };
		7CD56E6229C6A3B60037EF96 /* URLSession+Retrieval.swift */ = {isa = PBXFileReference; lastKnownFileType = sourcecode.swift; path = "URLSession+Retrieval.swift"; sourceTree = "<group>"; };
		7CFD2D4129B4D66300394C7E /* SimpleAnalyticsClient.app */ = {isa = PBXFileReference; explicitFileType = wrapper.application; includeInIndex = 0; path = SimpleAnalyticsClient.app; sourceTree = BUILT_PRODUCTS_DIR; };
		7CFD2D4429B4D66300394C7E /* SimpleAnalyticsClientApp.swift */ = {isa = PBXFileReference; lastKnownFileType = sourcecode.swift; path = SimpleAnalyticsClientApp.swift; sourceTree = "<group>"; };
		7CFD2D4629B4D66300394C7E /* ContentView.swift */ = {isa = PBXFileReference; lastKnownFileType = sourcecode.swift; path = ContentView.swift; sourceTree = "<group>"; };
		7CFD2D4829B4D66400394C7E /* Assets.xcassets */ = {isa = PBXFileReference; lastKnownFileType = folder.assetcatalog; path = Assets.xcassets; sourceTree = "<group>"; };
		7CFD2D4B29B4D66400394C7E /* Preview Assets.xcassets */ = {isa = PBXFileReference; lastKnownFileType = folder.assetcatalog; path = "Preview Assets.xcassets"; sourceTree = "<group>"; };
		7CFD2D4D29B4D66400394C7E /* SimpleAnalyticsClient.entitlements */ = {isa = PBXFileReference; lastKnownFileType = text.plist.entitlements; path = SimpleAnalyticsClient.entitlements; sourceTree = "<group>"; };
		7CFD2D5329B4D67F00394C7E /* PostView.swift */ = {isa = PBXFileReference; lastKnownFileType = sourcecode.swift; path = PostView.swift; sourceTree = "<group>"; };
		7CFD2D5529B4D68500394C7E /* EventListView.swift */ = {isa = PBXFileReference; lastKnownFileType = sourcecode.swift; path = EventListView.swift; sourceTree = "<group>"; };
		7CFD2D5729B4E31A00394C7E /* URLComponents+Constants.swift */ = {isa = PBXFileReference; lastKnownFileType = sourcecode.swift; path = "URLComponents+Constants.swift"; sourceTree = "<group>"; };
		7CFD2D5929B4E4BE00394C7E /* URLRequest+Convenience.swift */ = {isa = PBXFileReference; fileEncoding = 4; lastKnownFileType = sourcecode.swift; path = "URLRequest+Convenience.swift"; sourceTree = "<group>"; };
		7CFD2D5B29B4E4C200394C7E /* URLComponents+Convenience.swift */ = {isa = PBXFileReference; fileEncoding = 4; lastKnownFileType = sourcecode.swift; path = "URLComponents+Convenience.swift"; sourceTree = "<group>"; };
		7CFD2D6029B50B3400394C7E /* README.md */ = {isa = PBXFileReference; lastKnownFileType = net.daringfireball.markdown; path = README.md; sourceTree = "<group>"; };
/* End PBXFileReference section */

/* Begin PBXFrameworksBuildPhase section */
		7CFD2D3E29B4D66300394C7E /* Frameworks */ = {
			isa = PBXFrameworksBuildPhase;
			buildActionMask = 2147483647;
			files = (
				7CFD2D5F29B4ED2D00394C7E /* SimpleAnalyticsTypes in Frameworks */,
			);
			runOnlyForDeploymentPostprocessing = 0;
		};
/* End PBXFrameworksBuildPhase section */

/* Begin PBXGroup section */
		7CFD2D3829B4D66300394C7E = {
			isa = PBXGroup;
			children = (
				7CFD2D6029B50B3400394C7E /* README.md */,
				7CFD2D4329B4D66300394C7E /* SimpleAnalyticsClient */,
				7CFD2D4229B4D66300394C7E /* Products */,
			);
			sourceTree = "<group>";
		};
		7CFD2D4229B4D66300394C7E /* Products */ = {
			isa = PBXGroup;
			children = (
				7CFD2D4129B4D66300394C7E /* SimpleAnalyticsClient.app */,
			);
			name = Products;
			sourceTree = "<group>";
		};
		7CFD2D4329B4D66300394C7E /* SimpleAnalyticsClient */ = {
			isa = PBXGroup;
			children = (
				7CFD2D4429B4D66300394C7E /* SimpleAnalyticsClientApp.swift */,
				7CFD2D4629B4D66300394C7E /* ContentView.swift */,
				7CFD2D5329B4D67F00394C7E /* PostView.swift */,
				7CFD2D5529B4D68500394C7E /* EventListView.swift */,
				7C6CE4ED29C9314A00CF37E9 /* FilterView.swift */,
				7CD56E6229C6A3B60037EF96 /* URLSession+Retrieval.swift */,
				7CFD2D5729B4E31A00394C7E /* URLComponents+Constants.swift */,
				7CFD2D5929B4E4BE00394C7E /* URLRequest+Convenience.swift */,
				7CFD2D5B29B4E4C200394C7E /* URLComponents+Convenience.swift */,
				7CFD2D4829B4D66400394C7E /* Assets.xcassets */,
				7CFD2D4D29B4D66400394C7E /* SimpleAnalyticsClient.entitlements */,
				7CFD2D4A29B4D66400394C7E /* Preview Content */,
			);
			path = SimpleAnalyticsClient;
			sourceTree = "<group>";
		};
		7CFD2D4A29B4D66400394C7E /* Preview Content */ = {
			isa = PBXGroup;
			children = (
				7CFD2D4B29B4D66400394C7E /* Preview Assets.xcassets */,
			);
			path = "Preview Content";
			sourceTree = "<group>";
		};
/* End PBXGroup section */

/* Begin PBXNativeTarget section */
		7CFD2D4029B4D66300394C7E /* SimpleAnalyticsClient */ = {
			isa = PBXNativeTarget;
			buildConfigurationList = 7CFD2D5029B4D66400394C7E /* Build configuration list for PBXNativeTarget "SimpleAnalyticsClient" */;
			buildPhases = (
				7CFD2D3D29B4D66300394C7E /* Sources */,
				7CFD2D3E29B4D66300394C7E /* Frameworks */,
				7CFD2D3F29B4D66300394C7E /* Resources */,
			);
			buildRules = (
			);
			dependencies = (
			);
			name = SimpleAnalyticsClient;
			packageProductDependencies = (
				7CFD2D5E29B4ED2D00394C7E /* SimpleAnalyticsTypes */,
			);
			productName = SimpleAnalyticsClient;
			productReference = 7CFD2D4129B4D66300394C7E /* SimpleAnalyticsClient.app */;
			productType = "com.apple.product-type.application";
		};
/* End PBXNativeTarget section */

/* Begin PBXProject section */
		7CFD2D3929B4D66300394C7E /* Project object */ = {
			isa = PBXProject;
			attributes = {
				BuildIndependentTargetsInParallel = 1;
				LastSwiftUpdateCheck = 1420;
				LastUpgradeCheck = 1420;
				TargetAttributes = {
					7CFD2D4029B4D66300394C7E = {
						CreatedOnToolsVersion = 14.2;
					};
				};
			};
			buildConfigurationList = 7CFD2D3C29B4D66300394C7E /* Build configuration list for PBXProject "SimpleAnalyticsClient" */;
			compatibilityVersion = "Xcode 14.0";
			developmentRegion = en;
			hasScannedForEncodings = 0;
			knownRegions = (
				en,
				Base,
			);
			mainGroup = 7CFD2D3829B4D66300394C7E;
			packageReferences = (
				7CFD2D5D29B4ED2D00394C7E /* XCRemoteSwiftPackageReference "SimpleAnalyticsTypes" */,
			);
			productRefGroup = 7CFD2D4229B4D66300394C7E /* Products */;
			projectDirPath = "";
			projectRoot = "";
			targets = (
				7CFD2D4029B4D66300394C7E /* SimpleAnalyticsClient */,
			);
		};
/* End PBXProject section */

/* Begin PBXResourcesBuildPhase section */
		7CFD2D3F29B4D66300394C7E /* Resources */ = {
			isa = PBXResourcesBuildPhase;
			buildActionMask = 2147483647;
			files = (
				7CFD2D4C29B4D66400394C7E /* Preview Assets.xcassets in Resources */,
				7CFD2D4929B4D66400394C7E /* Assets.xcassets in Resources */,
			);
			runOnlyForDeploymentPostprocessing = 0;
		};
/* End PBXResourcesBuildPhase section */

/* Begin PBXSourcesBuildPhase section */
		7CFD2D3D29B4D66300394C7E /* Sources */ = {
			isa = PBXSourcesBuildPhase;
			buildActionMask = 2147483647;
			files = (
				7CFD2D5629B4D68500394C7E /* EventListView.swift in Sources */,
				7CFD2D5A29B4E4BE00394C7E /* URLRequest+Convenience.swift in Sources */,
				7CFD2D5C29B4E4C200394C7E /* URLComponents+Convenience.swift in Sources */,
				7CFD2D4729B4D66300394C7E /* ContentView.swift in Sources */,
				7C6CE4EE29C9314A00CF37E9 /* FilterView.swift in Sources */,
				7CFD2D5429B4D67F00394C7E /* PostView.swift in Sources */,
				7CD56E6329C6A3B60037EF96 /* URLSession+Retrieval.swift in Sources */,
				7CFD2D4529B4D66300394C7E /* SimpleAnalyticsClientApp.swift in Sources */,
				7CFD2D5829B4E31A00394C7E /* URLComponents+Constants.swift in Sources */,
			);
			runOnlyForDeploymentPostprocessing = 0;
		};
/* End PBXSourcesBuildPhase section */

/* Begin XCBuildConfiguration section */
		7CFD2D4E29B4D66400394C7E /* Debug */ = {
			isa = XCBuildConfiguration;
			buildSettings = {
				ALWAYS_SEARCH_USER_PATHS = NO;
				CLANG_ANALYZER_NONNULL = YES;
				CLANG_ANALYZER_NUMBER_OBJECT_CONVERSION = YES_AGGRESSIVE;
				CLANG_CXX_LANGUAGE_STANDARD = "gnu++20";
				CLANG_ENABLE_MODULES = YES;
				CLANG_ENABLE_OBJC_ARC = YES;
				CLANG_ENABLE_OBJC_WEAK = YES;
				CLANG_WARN_BLOCK_CAPTURE_AUTORELEASING = YES;
				CLANG_WARN_BOOL_CONVERSION = YES;
				CLANG_WARN_COMMA = YES;
				CLANG_WARN_CONSTANT_CONVERSION = YES;
				CLANG_WARN_DEPRECATED_OBJC_IMPLEMENTATIONS = YES;
				CLANG_WARN_DIRECT_OBJC_ISA_USAGE = YES_ERROR;
				CLANG_WARN_DOCUMENTATION_COMMENTS = YES;
				CLANG_WARN_EMPTY_BODY = YES;
				CLANG_WARN_ENUM_CONVERSION = YES;
				CLANG_WARN_INFINITE_RECURSION = YES;
				CLANG_WARN_INT_CONVERSION = YES;
				CLANG_WARN_NON_LITERAL_NULL_CONVERSION = YES;
				CLANG_WARN_OBJC_IMPLICIT_RETAIN_SELF = YES;
				CLANG_WARN_OBJC_LITERAL_CONVERSION = YES;
				CLANG_WARN_OBJC_ROOT_CLASS = YES_ERROR;
				CLANG_WARN_QUOTED_INCLUDE_IN_FRAMEWORK_HEADER = YES;
				CLANG_WARN_RANGE_LOOP_ANALYSIS = YES;
				CLANG_WARN_STRICT_PROTOTYPES = YES;
				CLANG_WARN_SUSPICIOUS_MOVE = YES;
				CLANG_WARN_UNGUARDED_AVAILABILITY = YES_AGGRESSIVE;
				CLANG_WARN_UNREACHABLE_CODE = YES;
				CLANG_WARN__DUPLICATE_METHOD_MATCH = YES;
				COPY_PHASE_STRIP = NO;
				DEBUG_INFORMATION_FORMAT = dwarf;
				ENABLE_STRICT_OBJC_MSGSEND = YES;
				ENABLE_TESTABILITY = YES;
				GCC_C_LANGUAGE_STANDARD = gnu11;
				GCC_DYNAMIC_NO_PIC = NO;
				GCC_NO_COMMON_BLOCKS = YES;
				GCC_OPTIMIZATION_LEVEL = 0;
				GCC_PREPROCESSOR_DEFINITIONS = (
					"DEBUG=1",
					"$(inherited)",
				);
				GCC_WARN_64_TO_32_BIT_CONVERSION = YES;
				GCC_WARN_ABOUT_RETURN_TYPE = YES_ERROR;
				GCC_WARN_UNDECLARED_SELECTOR = YES;
				GCC_WARN_UNINITIALIZED_AUTOS = YES_AGGRESSIVE;
				GCC_WARN_UNUSED_FUNCTION = YES;
				GCC_WARN_UNUSED_VARIABLE = YES;
				MACOSX_DEPLOYMENT_TARGET = 13.1;
				MTL_ENABLE_DEBUG_INFO = INCLUDE_SOURCE;
				MTL_FAST_MATH = YES;
				ONLY_ACTIVE_ARCH = YES;
				SDKROOT = macosx;
				SWIFT_ACTIVE_COMPILATION_CONDITIONS = DEBUG;
				SWIFT_OPTIMIZATION_LEVEL = "-Onone";
			};
			name = Debug;
		};
		7CFD2D4F29B4D66400394C7E /* Release */ = {
			isa = XCBuildConfiguration;
			buildSettings = {
				ALWAYS_SEARCH_USER_PATHS = NO;
				CLANG_ANALYZER_NONNULL = YES;
				CLANG_ANALYZER_NUMBER_OBJECT_CONVERSION = YES_AGGRESSIVE;
				CLANG_CXX_LANGUAGE_STANDARD = "gnu++20";
				CLANG_ENABLE_MODULES = YES;
				CLANG_ENABLE_OBJC_ARC = YES;
				CLANG_ENABLE_OBJC_WEAK = YES;
				CLANG_WARN_BLOCK_CAPTURE_AUTORELEASING = YES;
				CLANG_WARN_BOOL_CONVERSION = YES;
				CLANG_WARN_COMMA = YES;
				CLANG_WARN_CONSTANT_CONVERSION = YES;
				CLANG_WARN_DEPRECATED_OBJC_IMPLEMENTATIONS = YES;
				CLANG_WARN_DIRECT_OBJC_ISA_USAGE = YES_ERROR;
				CLANG_WARN_DOCUMENTATION_COMMENTS = YES;
				CLANG_WARN_EMPTY_BODY = YES;
				CLANG_WARN_ENUM_CONVERSION = YES;
				CLANG_WARN_INFINITE_RECURSION = YES;
				CLANG_WARN_INT_CONVERSION = YES;
				CLANG_WARN_NON_LITERAL_NULL_CONVERSION = YES;
				CLANG_WARN_OBJC_IMPLICIT_RETAIN_SELF = YES;
				CLANG_WARN_OBJC_LITERAL_CONVERSION = YES;
				CLANG_WARN_OBJC_ROOT_CLASS = YES_ERROR;
				CLANG_WARN_QUOTED_INCLUDE_IN_FRAMEWORK_HEADER = YES;
				CLANG_WARN_RANGE_LOOP_ANALYSIS = YES;
				CLANG_WARN_STRICT_PROTOTYPES = YES;
				CLANG_WARN_SUSPICIOUS_MOVE = YES;
				CLANG_WARN_UNGUARDED_AVAILABILITY = YES_AGGRESSIVE;
				CLANG_WARN_UNREACHABLE_CODE = YES;
				CLANG_WARN__DUPLICATE_METHOD_MATCH = YES;
				COPY_PHASE_STRIP = NO;
				DEBUG_INFORMATION_FORMAT = "dwarf-with-dsym";
				ENABLE_NS_ASSERTIONS = NO;
				ENABLE_STRICT_OBJC_MSGSEND = YES;
				GCC_C_LANGUAGE_STANDARD = gnu11;
				GCC_NO_COMMON_BLOCKS = YES;
				GCC_WARN_64_TO_32_BIT_CONVERSION = YES;
				GCC_WARN_ABOUT_RETURN_TYPE = YES_ERROR;
				GCC_WARN_UNDECLARED_SELECTOR = YES;
				GCC_WARN_UNINITIALIZED_AUTOS = YES_AGGRESSIVE;
				GCC_WARN_UNUSED_FUNCTION = YES;
				GCC_WARN_UNUSED_VARIABLE = YES;
				MACOSX_DEPLOYMENT_TARGET = 13.1;
				MTL_ENABLE_DEBUG_INFO = NO;
				MTL_FAST_MATH = YES;
				SDKROOT = macosx;
				SWIFT_COMPILATION_MODE = wholemodule;
				SWIFT_OPTIMIZATION_LEVEL = "-O";
			};
			name = Release;
		};
		7CFD2D5129B4D66400394C7E /* Debug */ = {
			isa = XCBuildConfiguration;
			buildSettings = {
				ASSETCATALOG_COMPILER_APPICON_NAME = AppIcon;
				ASSETCATALOG_COMPILER_GLOBAL_ACCENT_COLOR_NAME = AccentColor;
				CODE_SIGN_ENTITLEMENTS = SimpleAnalyticsClient/SimpleAnalyticsClient.entitlements;
				CODE_SIGN_STYLE = Automatic;
				COMBINE_HIDPI_IMAGES = YES;
				CURRENT_PROJECT_VERSION = 1;
				DEVELOPMENT_ASSET_PATHS = "\"SimpleAnalyticsClient/Preview Content\"";
				DEVELOPMENT_TEAM = 7HAJV4F6VL;
				ENABLE_HARDENED_RUNTIME = YES;
				ENABLE_PREVIEWS = YES;
				GENERATE_INFOPLIST_FILE = YES;
				INFOPLIST_KEY_NSHumanReadableCopyright = "";
				LD_RUNPATH_SEARCH_PATHS = (
					"$(inherited)",
					"@executable_path/../Frameworks",
				);
				MARKETING_VERSION = 1.0;
				PRODUCT_BUNDLE_IDENTIFIER = com.oldjewel.SimpleAnalyticsClient;
				PRODUCT_NAME = "$(TARGET_NAME)";
				SWIFT_EMIT_LOC_STRINGS = YES;
				SWIFT_VERSION = 5.0;
			};
			name = Debug;
		};
		7CFD2D5229B4D66400394C7E /* Release */ = {
			isa = XCBuildConfiguration;
			buildSettings = {
				ASSETCATALOG_COMPILER_APPICON_NAME = AppIcon;
				ASSETCATALOG_COMPILER_GLOBAL_ACCENT_COLOR_NAME = AccentColor;
				CODE_SIGN_ENTITLEMENTS = SimpleAnalyticsClient/SimpleAnalyticsClient.entitlements;
				CODE_SIGN_STYLE = Automatic;
				COMBINE_HIDPI_IMAGES = YES;
				CURRENT_PROJECT_VERSION = 1;
				DEVELOPMENT_ASSET_PATHS = "\"SimpleAnalyticsClient/Preview Content\"";
				DEVELOPMENT_TEAM = 7HAJV4F6VL;
				ENABLE_HARDENED_RUNTIME = YES;
				ENABLE_PREVIEWS = YES;
				GENERATE_INFOPLIST_FILE = YES;
				INFOPLIST_KEY_NSHumanReadableCopyright = "";
				LD_RUNPATH_SEARCH_PATHS = (
					"$(inherited)",
					"@executable_path/../Frameworks",
				);
				MARKETING_VERSION = 1.0;
				PRODUCT_BUNDLE_IDENTIFIER = com.oldjewel.SimpleAnalyticsClient;
				PRODUCT_NAME = "$(TARGET_NAME)";
				SWIFT_EMIT_LOC_STRINGS = YES;
				SWIFT_VERSION = 5.0;
			};
			name = Release;
		};
/* End XCBuildConfiguration section */

/* Begin XCConfigurationList section */
		7CFD2D3C29B4D66300394C7E /* Build configuration list for PBXProject "SimpleAnalyticsClient" */ = {
			isa = XCConfigurationList;
			buildConfigurations = (
				7CFD2D4E29B4D66400394C7E /* Debug */,
				7CFD2D4F29B4D66400394C7E /* Release */,
			);
			defaultConfigurationIsVisible = 0;
			defaultConfigurationName = Release;
		};
		7CFD2D5029B4D66400394C7E /* Build configuration list for PBXNativeTarget "SimpleAnalyticsClient" */ = {
			isa = XCConfigurationList;
			buildConfigurations = (
				7CFD2D5129B4D66400394C7E /* Debug */,
				7CFD2D5229B4D66400394C7E /* Release */,
			);
			defaultConfigurationIsVisible = 0;
			defaultConfigurationName = Release;
		};
/* End XCConfigurationList section */

/* Begin XCRemoteSwiftPackageReference section */
		7CFD2D5D29B4ED2D00394C7E /* XCRemoteSwiftPackageReference "SimpleAnalyticsTypes" */ = {
			isa = XCRemoteSwiftPackageReference;
			repositoryURL = "https://github.com/jaywardell/SimpleAnalyticsTypes";
			requirement = {
				kind = upToNextMajorVersion;
				minimumVersion = 1.0.0;
			};
		};
/* End XCRemoteSwiftPackageReference section */

/* Begin XCSwiftPackageProductDependency section */
		7CFD2D5E29B4ED2D00394C7E /* SimpleAnalyticsTypes */ = {
			isa = XCSwiftPackageProductDependency;
			package = 7CFD2D5D29B4ED2D00394C7E /* XCRemoteSwiftPackageReference "SimpleAnalyticsTypes" */;
			productName = SimpleAnalyticsTypes;
		};
/* End XCSwiftPackageProductDependency section */
	};
	rootObject = 7CFD2D3929B4D66300394C7E /* Project object */;
}
